
Microsoft Visual Studio Solution File, Format Version 12.00
# Visual Studio 15
VisualStudioVersion = 15.0.26124.0
MinimumVisualStudioVersion = 15.0.26124.0
Project("{9A19103F-16F7-4668-BE54-9A1E7A4F7556}") = "R5T.D0008.Construction", "R5T.D0008.Construction\R5T.D0008.Construction.csproj", "{9097097E-17BA-42C7-865C-9ECEC331527A}"
EndProject
Project("{9A19103F-16F7-4668-BE54-9A1E7A4F7556}") = "R5T.D0008", "R5T.D0008\R5T.D0008.csproj", "{E7EDBBE8-CEAC-4F7D-A53F-10C9EE0F4A5A}"
EndProject
Project("{FAE04EC0-301F-11D3-BF4B-00C04F79EFBC}") = "R5T.D0008.Base", "R5T.D0008.Base\R5T.D0008.Base.csproj", "{352BF162-67E3-47DB-BB61-D1FF2B3E9925}"
EndProject
Project("{FAE04EC0-301F-11D3-BF4B-00C04F79EFBC}") = "R5T.D0008.Default", "R5T.D0008.Default\R5T.D0008.Default.csproj", "{429C1F15-5CCD-4FD7-925F-B7242E7980CA}"
EndProject
Project("{2150E333-8FDC-42A3-9474-1A3956D46DE8}") = "_Dependencies", "_Dependencies", "{5C830F3B-FDF3-46DB-B095-17990C761843}"
EndProject
Project("{9A19103F-16F7-4668-BE54-9A1E7A4F7556}") = "R5T.Dacia.Extensions", "..\..\R5T.Dacia.Extensions\source\R5T.Dacia.Extensions\R5T.Dacia.Extensions.csproj", "{579BF2C5-84E2-4A1B-869C-7BBBDC572A22}"
EndProject
Project("{9A19103F-16F7-4668-BE54-9A1E7A4F7556}") = "R5T.Dacia", "..\..\R5T.Dacia\source\R5T.Dacia\R5T.Dacia.csproj", "{118E0FF4-97E2-46E4-B9D3-27C51B7579A1}"
EndProject
Project("{9A19103F-16F7-4668-BE54-9A1E7A4F7556}") = "R5T.Magyar", "..\..\R5T.Magyar\source\R5T.Magyar\R5T.Magyar.csproj", "{84B39F04-BAF7-443B-BAEA-750881273B96}"
EndProject
Project("{FAE04EC0-301F-11D3-BF4B-00C04F79EFBC}") = "R5T.D0008.Standard", "R5T.D0008.Standard\R5T.D0008.Standard.csproj", "{A063E7AD-8CE4-4D03-8DDF-9B4F9B68F633}"
EndProject
Global
	GlobalSection(SolutionConfigurationPlatforms) = preSolution
		Debug|Any CPU = Debug|Any CPU
		Debug|x64 = Debug|x64
		Debug|x86 = Debug|x86
		Release|Any CPU = Release|Any CPU
		Release|x64 = Release|x64
		Release|x86 = Release|x86
	EndGlobalSection
	GlobalSection(ProjectConfigurationPlatforms) = postSolution
		{9097097E-17BA-42C7-865C-9ECEC331527A}.Debug|Any CPU.ActiveCfg = Debug|Any CPU
		{9097097E-17BA-42C7-865C-9ECEC331527A}.Debug|Any CPU.Build.0 = Debug|Any CPU
		{9097097E-17BA-42C7-865C-9ECEC331527A}.Debug|x64.ActiveCfg = Debug|Any CPU
		{9097097E-17BA-42C7-865C-9ECEC331527A}.Debug|x64.Build.0 = Debug|Any CPU
		{9097097E-17BA-42C7-865C-9ECEC331527A}.Debug|x86.ActiveCfg = Debug|Any CPU
		{9097097E-17BA-42C7-865C-9ECEC331527A}.Debug|x86.Build.0 = Debug|Any CPU
		{9097097E-17BA-42C7-865C-9ECEC331527A}.Release|Any CPU.ActiveCfg = Release|Any CPU
		{9097097E-17BA-42C7-865C-9ECEC331527A}.Release|Any CPU.Build.0 = Release|Any CPU
		{9097097E-17BA-42C7-865C-9ECEC331527A}.Release|x64.ActiveCfg = Release|Any CPU
		{9097097E-17BA-42C7-865C-9ECEC331527A}.Release|x64.Build.0 = Release|Any CPU
		{9097097E-17BA-42C7-865C-9ECEC331527A}.Release|x86.ActiveCfg = Release|Any CPU
		{9097097E-17BA-42C7-865C-9ECEC331527A}.Release|x86.Build.0 = Release|Any CPU
		{E7EDBBE8-CEAC-4F7D-A53F-10C9EE0F4A5A}.Debug|Any CPU.ActiveCfg = Debug|Any CPU
		{E7EDBBE8-CEAC-4F7D-A53F-10C9EE0F4A5A}.Debug|Any CPU.Build.0 = Debug|Any CPU
		{E7EDBBE8-CEAC-4F7D-A53F-10C9EE0F4A5A}.Debug|x64.ActiveCfg = Debug|Any CPU
		{E7EDBBE8-CEAC-4F7D-A53F-10C9EE0F4A5A}.Debug|x64.Build.0 = Debug|Any CPU
		{E7EDBBE8-CEAC-4F7D-A53F-10C9EE0F4A5A}.Debug|x86.ActiveCfg = Debug|Any CPU
		{E7EDBBE8-CEAC-4F7D-A53F-10C9EE0F4A5A}.Debug|x86.Build.0 = Debug|Any CPU
		{E7EDBBE8-CEAC-4F7D-A53F-10C9EE0F4A5A}.Release|Any CPU.ActiveCfg = Release|Any CPU
		{E7EDBBE8-CEAC-4F7D-A53F-10C9EE0F4A5A}.Release|Any CPU.Build.0 = Release|Any CPU
		{E7EDBBE8-CEAC-4F7D-A53F-10C9EE0F4A5A}.Release|x64.ActiveCfg = Release|Any CPU
		{E7EDBBE8-CEAC-4F7D-A53F-10C9EE0F4A5A}.Release|x64.Build.0 = Release|Any CPU
		{E7EDBBE8-CEAC-4F7D-A53F-10C9EE0F4A5A}.Release|x86.ActiveCfg = Release|Any CPU
		{E7EDBBE8-CEAC-4F7D-A53F-10C9EE0F4A5A}.Release|x86.Build.0 = Release|Any CPU
		{352BF162-67E3-47DB-BB61-D1FF2B3E9925}.Debug|Any CPU.ActiveCfg = Debug|Any CPU
		{352BF162-67E3-47DB-BB61-D1FF2B3E9925}.Debug|Any CPU.Build.0 = Debug|Any CPU
		{352BF162-67E3-47DB-BB61-D1FF2B3E9925}.Debug|x64.ActiveCfg = Debug|Any CPU
		{352BF162-67E3-47DB-BB61-D1FF2B3E9925}.Debug|x64.Build.0 = Debug|Any CPU
		{352BF162-67E3-47DB-BB61-D1FF2B3E9925}.Debug|x86.ActiveCfg = Debug|Any CPU
		{352BF162-67E3-47DB-BB61-D1FF2B3E9925}.Debug|x86.Build.0 = Debug|Any CPU
		{352BF162-67E3-47DB-BB61-D1FF2B3E9925}.Release|Any CPU.ActiveCfg = Release|Any CPU
		{352BF162-67E3-47DB-BB61-D1FF2B3E9925}.Release|Any CPU.Build.0 = Release|Any CPU
		{352BF162-67E3-47DB-BB61-D1FF2B3E9925}.Release|x64.ActiveCfg = Release|Any CPU
		{352BF162-67E3-47DB-BB61-D1FF2B3E9925}.Release|x64.Build.0 = Release|Any CPU
		{352BF162-67E3-47DB-BB61-D1FF2B3E9925}.Release|x86.ActiveCfg = Release|Any CPU
		{352BF162-67E3-47DB-BB61-D1FF2B3E9925}.Release|x86.Build.0 = Release|Any CPU
		{429C1F15-5CCD-4FD7-925F-B7242E7980CA}.Debug|Any CPU.ActiveCfg = Debug|Any CPU
		{429C1F15-5CCD-4FD7-925F-B7242E7980CA}.Debug|Any CPU.Build.0 = Debug|Any CPU
		{429C1F15-5CCD-4FD7-925F-B7242E7980CA}.Debug|x64.ActiveCfg = Debug|Any CPU
		{429C1F15-5CCD-4FD7-925F-B7242E7980CA}.Debug|x64.Build.0 = Debug|Any CPU
		{429C1F15-5CCD-4FD7-925F-B7242E7980CA}.Debug|x86.ActiveCfg = Debug|Any CPU
		{429C1F15-5CCD-4FD7-925F-B7242E7980CA}.Debug|x86.Build.0 = Debug|Any CPU
		{429C1F15-5CCD-4FD7-925F-B7242E7980CA}.Release|Any CPU.ActiveCfg = Release|Any CPU
		{429C1F15-5CCD-4FD7-925F-B7242E7980CA}.Release|Any CPU.Build.0 = Release|Any CPU
		{429C1F15-5CCD-4FD7-925F-B7242E7980CA}.Release|x64.ActiveCfg = Release|Any CPU
		{429C1F15-5CCD-4FD7-925F-B7242E7980CA}.Release|x64.Build.0 = Release|Any CPU
		{429C1F15-5CCD-4FD7-925F-B7242E7980CA}.Release|x86.ActiveCfg = Release|Any CPU
		{429C1F15-5CCD-4FD7-925F-B7242E7980CA}.Release|x86.Build.0 = Release|Any CPU
		{579BF2C5-84E2-4A1B-869C-7BBBDC572A22}.Debug|Any CPU.ActiveCfg = Debug|Any CPU
		{579BF2C5-84E2-4A1B-869C-7BBBDC572A22}.Debug|Any CPU.Build.0 = Debug|Any CPU
		{579BF2C5-84E2-4A1B-869C-7BBBDC572A22}.Debug|x64.ActiveCfg = Debug|Any CPU
		{579BF2C5-84E2-4A1B-869C-7BBBDC572A22}.Debug|x64.Build.0 = Debug|Any CPU
		{579BF2C5-84E2-4A1B-869C-7BBBDC572A22}.Debug|x86.ActiveCfg = Debug|Any CPU
		{579BF2C5-84E2-4A1B-869C-7BBBDC572A22}.Debug|x86.Build.0 = Debug|Any CPU
		{579BF2C5-84E2-4A1B-869C-7BBBDC572A22}.Release|Any CPU.ActiveCfg = Release|Any CPU
		{579BF2C5-84E2-4A1B-869C-7BBBDC572A22}.Release|Any CPU.Build.0 = Release|Any CPU
		{579BF2C5-84E2-4A1B-869C-7BBBDC572A22}.Release|x64.ActiveCfg = Release|Any CPU
		{579BF2C5-84E2-4A1B-869C-7BBBDC572A22}.Release|x64.Build.0 = Release|Any CPU
		{579BF2C5-84E2-4A1B-869C-7BBBDC572A22}.Release|x86.ActiveCfg = Release|Any CPU
		{579BF2C5-84E2-4A1B-869C-7BBBDC572A22}.Release|x86.Build.0 = Release|Any CPU
		{118E0FF4-97E2-46E4-B9D3-27C51B7579A1}.Debug|Any CPU.ActiveCfg = Debug|Any CPU
		{118E0FF4-97E2-46E4-B9D3-27C51B7579A1}.Debug|Any CPU.Build.0 = Debug|Any CPU
		{118E0FF4-97E2-46E4-B9D3-27C51B7579A1}.Debug|x64.ActiveCfg = Debug|Any CPU
		{118E0FF4-97E2-46E4-B9D3-27C51B7579A1}.Debug|x64.Build.0 = Debug|Any CPU
		{118E0FF4-97E2-46E4-B9D3-27C51B7579A1}.Debug|x86.ActiveCfg = Debug|Any CPU
		{118E0FF4-97E2-46E4-B9D3-27C51B7579A1}.Debug|x86.Build.0 = Debug|Any CPU
		{118E0FF4-97E2-46E4-B9D3-27C51B7579A1}.Release|Any CPU.ActiveCfg = Release|Any CPU
		{118E0FF4-97E2-46E4-B9D3-27C51B7579A1}.Release|Any CPU.Build.0 = Release|Any CPU
		{118E0FF4-97E2-46E4-B9D3-27C51B7579A1}.Release|x64.ActiveCfg = Release|Any CPU
		{118E0FF4-97E2-46E4-B9D3-27C51B7579A1}.Release|x64.Build.0 = Release|Any CPU
		{118E0FF4-97E2-46E4-B9D3-27C51B7579A1}.Release|x86.ActiveCfg = Release|Any CPU
		{118E0FF4-97E2-46E4-B9D3-27C51B7579A1}.Release|x86.Build.0 = Release|Any CPU
		{84B39F04-BAF7-443B-BAEA-750881273B96}.Debug|Any CPU.ActiveCfg = Debug|Any CPU
		{84B39F04-BAF7-443B-BAEA-750881273B96}.Debug|Any CPU.Build.0 = Debug|Any CPU
		{84B39F04-BAF7-443B-BAEA-750881273B96}.Debug|x64.ActiveCfg = Debug|Any CPU
		{84B39F04-BAF7-443B-BAEA-750881273B96}.Debug|x64.Build.0 = Debug|Any CPU
		{84B39F04-BAF7-443B-BAEA-750881273B96}.Debug|x86.ActiveCfg = Debug|Any CPU
		{84B39F04-BAF7-443B-BAEA-750881273B96}.Debug|x86.Build.0 = Debug|Any CPU
		{84B39F04-BAF7-443B-BAEA-750881273B96}.Release|Any CPU.ActiveCfg = Release|Any CPU
		{84B39F04-BAF7-443B-BAEA-750881273B96}.Release|Any CPU.Build.0 = Release|Any CPU
		{84B39F04-BAF7-443B-BAEA-750881273B96}.Release|x64.ActiveCfg = Release|Any CPU
		{84B39F04-BAF7-443B-BAEA-750881273B96}.Release|x64.Build.0 = Release|Any CPU
		{84B39F04-BAF7-443B-BAEA-750881273B96}.Release|x86.ActiveCfg = Release|Any CPU
		{84B39F04-BAF7-443B-BAEA-750881273B96}.Release|x86.Build.0 = Release|Any CPU
		{A063E7AD-8CE4-4D03-8DDF-9B4F9B68F633}.Debug|Any CPU.ActiveCfg = Debug|Any CPU
		{A063E7AD-8CE4-4D03-8DDF-9B4F9B68F633}.Debug|Any CPU.Build.0 = Debug|Any CPU
		{A063E7AD-8CE4-4D03-8DDF-9B4F9B68F633}.Debug|x64.ActiveCfg = Debug|Any CPU
		{A063E7AD-8CE4-4D03-8DDF-9B4F9B68F633}.Debug|x64.Build.0 = Debug|Any CPU
		{A063E7AD-8CE4-4D03-8DDF-9B4F9B68F633}.Debug|x86.ActiveCfg = Debug|Any CPU
		{A063E7AD-8CE4-4D03-8DDF-9B4F9B68F633}.Debug|x86.Build.0 = Debug|Any CPU
		{A063E7AD-8CE4-4D03-8DDF-9B4F9B68F633}.Release|Any CPU.ActiveCfg = Release|Any CPU
		{A063E7AD-8CE4-4D03-8DDF-9B4F9B68F633}.Release|Any CPU.Build.0 = Release|Any CPU
		{A063E7AD-8CE4-4D03-8DDF-9B4F9B68F633}.Release|x64.ActiveCfg = Release|Any CPU
		{A063E7AD-8CE4-4D03-8DDF-9B4F9B68F633}.Release|x64.Build.0 = Release|Any CPU
		{A063E7AD-8CE4-4D03-8DDF-9B4F9B68F633}.Release|x86.ActiveCfg = Release|Any CPU
		{A063E7AD-8CE4-4D03-8DDF-9B4F9B68F633}.Release|x86.Build.0 = Release|Any CPU
	EndGlobalSection
	GlobalSection(SolutionProperties) = preSolution
		HideSolutionNode = FALSE
	EndGlobalSection
	GlobalSection(NestedProjects) = preSolution
		{579BF2C5-84E2-4A1B-869C-7BBBDC572A22} = {5C830F3B-FDF3-46DB-B095-17990C761843}
		{118E0FF4-97E2-46E4-B9D3-27C51B7579A1} = {5C830F3B-FDF3-46DB-B095-17990C761843}
		{84B39F04-BAF7-443B-BAEA-750881273B96} = {5C830F3B-FDF3-46DB-B095-17990C761843}
	EndGlobalSection
	GlobalSection(ExtensibilityGlobals) = postSolution
		SolutionGuid = {B459198C-A94B-474A-AF08-D487DBB7155A}
	EndGlobalSection
EndGlobal
